
Microsoft Visual Studio Solution File, Format Version 12.00
# Visual Studio Version 17
VisualStudioVersion = 17.6.33815.320
MinimumVisualStudioVersion = 10.0.40219.1
Project("{FAE04EC0-301F-11D3-BF4B-00C04F79EFBC}") = "PizzaDelivery", "PizzaDelivery\PizzaDelivery.csproj", "{993FA509-41DB-4FAD-8A43-50D4AB00B5BD}"
EndProject
Global
	GlobalSection(SolutionConfigurationPlatforms) = preSolution
		Debug|Any CPU = Debug|Any CPU
		Release|Any CPU = Release|Any CPU
	EndGlobalSection
	GlobalSection(ProjectConfigurationPlatforms) = postSolution
		{993FA509-41DB-4FAD-8A43-50D4AB00B5BD}.Debug|Any CPU.ActiveCfg = Debug|Any CPU
		{993FA509-41DB-4FAD-8A43-50D4AB00B5BD}.Debug|Any CPU.Build.0 = Debug|Any CPU
		{993FA509-41DB-4FAD-8A43-50D4AB00B5BD}.Release|Any CPU.ActiveCfg = Release|Any CPU
		{993FA509-41DB-4FAD-8A43-50D4AB00B5BD}.Release|Any CPU.Build.0 = Release|Any CPU
	EndGlobalSection
	GlobalSection(SolutionProperties) = preSolution
		HideSolutionNode = FALSE
	EndGlobalSection
	GlobalSection(ExtensibilityGlobals) = postSolution
		SolutionGuid = {09633C6F-E023-430B-A35E-DEE126E69E07}
	EndGlobalSection
EndGlobal
